
Microsoft Visual Studio Solution File, Format Version 12.00
# Visual Studio Version 16
VisualStudioVersion = 16.0.31515.178
MinimumVisualStudioVersion = 10.0.40219.1
Project("{FAE04EC0-301F-11D3-BF4B-00C04F79EFBC}") = "KayitTutma", "KayitTutma\KayitTutma.csproj", "{DBF819CC-D00F-4CCD-9F8B-9A860ADD1BFE}"
EndProject
Global
	GlobalSection(SolutionConfigurationPlatforms) = preSolution
		Debug|Any CPU = Debug|Any CPU
		Release|Any CPU = Release|Any CPU
	EndGlobalSection
	GlobalSection(ProjectConfigurationPlatforms) = postSolution
		{DBF819CC-D00F-4CCD-9F8B-9A860ADD1BFE}.Debug|Any CPU.ActiveCfg = Debug|Any CPU
		{DBF819CC-D00F-4CCD-9F8B-9A860ADD1BFE}.Debug|Any CPU.Build.0 = Debug|Any CPU
		{DBF819CC-D00F-4CCD-9F8B-9A860ADD1BFE}.Release|Any CPU.ActiveCfg = Release|Any CPU
		{DBF819CC-D00F-4CCD-9F8B-9A860ADD1BFE}.Release|Any CPU.Build.0 = Release|Any CPU
	EndGlobalSection
	GlobalSection(SolutionProperties) = preSolution
		HideSolutionNode = FALSE
	EndGlobalSection
	GlobalSection(ExtensibilityGlobals) = postSolution
		SolutionGuid = {C318A863-01DF-4A8E-896C-AD6A7B4A9892}
	EndGlobalSection
EndGlobal
